
Microsoft Visual Studio Solution File, Format Version 12.00
# Visual Studio Version 17
VisualStudioVersion = 17.0.31912.275
MinimumVisualStudioVersion = 10.0.40219.1
Project("{9A19103F-16F7-4668-BE54-9A1E7A4F7556}") = "ConsoleCalculator", "ConsoleCalculator\ConsoleCalculator.csproj", "{A759911C-AB2E-4347-9607-A099E3C2E0BE}"
EndProject
Project("{FAE04EC0-301F-11D3-BF4B-00C04F79EFBC}") = "ConsoleCalculator.Tests.NUnit", "ConsoleCalculator.Tests.NUnit\ConsoleCalculator.Tests.NUnit.csproj", "{8CBEE8B6-AC37-47EA-9EE8-DFBC106A8808}"
EndProject
Project("{FAE04EC0-301F-11D3-BF4B-00C04F79EFBC}") = "ConsoleCalculator.Tests.xUnit", "ConsoleCalculator.Tests.xUnit\ConsoleCalculator.Tests.xUnit.csproj", "{FCCC92F5-5D3B-4B2A-ACA8-6C10A5BE187C}"
EndProject
Global
	GlobalSection(SolutionConfigurationPlatforms) = preSolution
		Debug|Any CPU = Debug|Any CPU
		Release|Any CPU = Release|Any CPU
	EndGlobalSection
	GlobalSection(ProjectConfigurationPlatforms) = postSolution
		{A759911C-AB2E-4347-9607-A099E3C2E0BE}.Debug|Any CPU.ActiveCfg = Debug|Any CPU
		{A759911C-AB2E-4347-9607-A099E3C2E0BE}.Debug|Any CPU.Build.0 = Debug|Any CPU
		{A759911C-AB2E-4347-9607-A099E3C2E0BE}.Release|Any CPU.ActiveCfg = Release|Any CPU
		{A759911C-AB2E-4347-9607-A099E3C2E0BE}.Release|Any CPU.Build.0 = Release|Any CPU
		{8CBEE8B6-AC37-47EA-9EE8-DFBC106A8808}.Debug|Any CPU.ActiveCfg = Debug|Any CPU
		{8CBEE8B6-AC37-47EA-9EE8-DFBC106A8808}.Debug|Any CPU.Build.0 = Debug|Any CPU
		{8CBEE8B6-AC37-47EA-9EE8-DFBC106A8808}.Release|Any CPU.ActiveCfg = Release|Any CPU
		{8CBEE8B6-AC37-47EA-9EE8-DFBC106A8808}.Release|Any CPU.Build.0 = Release|Any CPU
		{FCCC92F5-5D3B-4B2A-ACA8-6C10A5BE187C}.Debug|Any CPU.ActiveCfg = Debug|Any CPU
		{FCCC92F5-5D3B-4B2A-ACA8-6C10A5BE187C}.Debug|Any CPU.Build.0 = Debug|Any CPU
		{FCCC92F5-5D3B-4B2A-ACA8-6C10A5BE187C}.Release|Any CPU.ActiveCfg = Release|Any CPU
		{FCCC92F5-5D3B-4B2A-ACA8-6C10A5BE187C}.Release|Any CPU.Build.0 = Release|Any CPU
	EndGlobalSection
	GlobalSection(SolutionProperties) = preSolution
		HideSolutionNode = FALSE
	EndGlobalSection
	GlobalSection(ExtensibilityGlobals) = postSolution
		SolutionGuid = {B4F6F660-6AA7-4219-AC2B-9DF00DFFDCF2}
	EndGlobalSection
EndGlobal
